// !$*UTF8*$!
{
	archiveVersion = 1;
	classes = {
	};
	objectVersion = 51;
	objects = {

/* Begin PBXBuildFile section */
		D60667612396E2A100F7B79E /* PostPage.swift in Sources */ = {isa = PBXBuildFile; fileRef = D60667602396E2A100F7B79E /* PostPage.swift */; };
		D60B488F23B160DC005E57EF /* CsvWriter.swift in Sources */ = {isa = PBXBuildFile; fileRef = D60B488E23B160DC005E57EF /* CsvWriter.swift */; };
		D6112D2623A8187300140519 /* PageLoader.swift in Sources */ = {isa = PBXBuildFile; fileRef = D6112D2523A8187300140519 /* PageLoader.swift */; };
		D63B510C23996704001E7E7B /* ArchiveMonth.swift in Sources */ = {isa = PBXBuildFile; fileRef = D63B510B23996704001E7E7B /* ArchiveMonth.swift */; };
		D63B510E2399673E001E7E7B /* ArchiveYear.swift in Sources */ = {isa = PBXBuildFile; fileRef = D63B510D2399673E001E7E7B /* ArchiveYear.swift */; };
		D63B5110239997FA001E7E7B /* ArchivePage.swift in Sources */ = {isa = PBXBuildFile; fileRef = D63B510F239997FA001E7E7B /* ArchivePage.swift */; };
		D63B71A32383261B00E989EE /* MarkdownTokenizer.swift in Sources */ = {isa = PBXBuildFile; fileRef = D63B71A22383261B00E989EE /* MarkdownTokenizer.swift */; };
		D63C253123EB5AF700545A18 /* Page.swift in Sources */ = {isa = PBXBuildFile; fileRef = D650F34E23930CC000B2320E /* Page.swift */; };
		D63CB6FF240AFF4A00D1BA79 /* RssParser.swift in Sources */ = {isa = PBXBuildFile; fileRef = D63CB6FE240AFF4A00D1BA79 /* RssParser.swift */; };
		D63DFA2E23B1EF8A00E9602F /* PostStatisticData.swift in Sources */ = {isa = PBXBuildFile; fileRef = D63DFA2D23B1EF8A00E9602F /* PostStatisticData.swift */; };
		D64A730626615D780088D8C6 /* YearParser.swift in Sources */ = {isa = PBXBuildFile; fileRef = D64A730526615D780088D8C6 /* YearParser.swift */; };
		D650F34F23930CC000B2320E /* Page.swift in Sources */ = {isa = PBXBuildFile; fileRef = D650F34E23930CC000B2320E /* Page.swift */; };
		D650F35123930EBB00B2320E /* HomePage.swift in Sources */ = {isa = PBXBuildFile; fileRef = D650F35023930EBB00B2320E /* HomePage.swift */; };
		D65545B02389B37A00D18FD2 /* SmlNode.swift in Sources */ = {isa = PBXBuildFile; fileRef = D65545AF2389B37A00D18FD2 /* SmlNode.swift */; };
		D6578DDA257120E00029C761 /* SiteGeneratorEnv.swift in Sources */ = {isa = PBXBuildFile; fileRef = D6578DD9257120E00029C761 /* SiteGeneratorEnv.swift */; };
		D6578DDB257120E00029C761 /* SiteGeneratorEnv.swift in Sources */ = {isa = PBXBuildFile; fileRef = D6578DD9257120E00029C761 /* SiteGeneratorEnv.swift */; };
		D65AD6BA239D4BD800BFA862 /* ImpressumPage.swift in Sources */ = {isa = PBXBuildFile; fileRef = D65AD6B9239D4BD800BFA862 /* ImpressumPage.swift */; };
		D65B17B02598C42C0008F88E /* RandomEntriesBuilder.swift in Sources */ = {isa = PBXBuildFile; fileRef = D65B17AF2598C42C0008F88E /* RandomEntriesBuilder.swift */; };
		D65D75BD23ABED9F00490D17 /* SmlBuilder.swift in Sources */ = {isa = PBXBuildFile; fileRef = D65D75BC23ABED9F00490D17 /* SmlBuilder.swift */; };
		D667BB1424070C6C00B8789F /* FeedWriter.swift in Sources */ = {isa = PBXBuildFile; fileRef = D667BB1324070C6C00B8789F /* FeedWriter.swift */; };
		D676120D237F43960042F55D /* main.swift in Sources */ = {isa = PBXBuildFile; fileRef = D676120C237F43960042F55D /* main.swift */; };
		D690C72423DA315C00975E72 /* FtpScriptWriter.swift in Sources */ = {isa = PBXBuildFile; fileRef = D690C72323DA315C00975E72 /* FtpScriptWriter.swift */; };
		D69221C423818FEB0007E774 /* Item.swift in Sources */ = {isa = PBXBuildFile; fileRef = D69221C323818FEB0007E774 /* Item.swift */; };
		D69221C6238196740007E774 /* ContentParser.swift in Sources */ = {isa = PBXBuildFile; fileRef = D69221C5238196740007E774 /* ContentParser.swift */; };
		D699D531239A4A01006FE271 /* ArchiveMonthPage.swift in Sources */ = {isa = PBXBuildFile; fileRef = D699D530239A4A01006FE271 /* ArchiveMonthPage.swift */; };
		D699D533239A8000006FE271 /* Index.swift in Sources */ = {isa = PBXBuildFile; fileRef = D699D532239A8000006FE271 /* Index.swift */; };
		D699D535239AA695006FE271 /* IndexPage.swift in Sources */ = {isa = PBXBuildFile; fileRef = D699D534239AA695006FE271 /* IndexPage.swift */; };
		D699D537239AACAF006FE271 /* IndexItem.swift in Sources */ = {isa = PBXBuildFile; fileRef = D699D536239AACAF006FE271 /* IndexItem.swift */; };
		D699D539239AADCC006FE271 /* Archive.swift in Sources */ = {isa = PBXBuildFile; fileRef = D699D538239AADCC006FE271 /* Archive.swift */; };
		D699D53B239AAFCD006FE271 /* Tags.swift in Sources */ = {isa = PBXBuildFile; fileRef = D699D53A239AAFCD006FE271 /* Tags.swift */; };
		D699D53D239AB88D006FE271 /* TagsPage.swift in Sources */ = {isa = PBXBuildFile; fileRef = D699D53C239AB88D006FE271 /* TagsPage.swift */; };
		D699D53F239AE808006FE271 /* TagItemPage.swift in Sources */ = {isa = PBXBuildFile; fileRef = D699D53E239AE808006FE271 /* TagItemPage.swift */; };
		D699D541239AEBAE006FE271 /* TagItem.swift in Sources */ = {isa = PBXBuildFile; fileRef = D699D540239AEBAE006FE271 /* TagItem.swift */; };
		D69AF70C26624C6B0010D67C /* TimelinePage.swift in Sources */ = {isa = PBXBuildFile; fileRef = D69AF70B26624C6B0010D67C /* TimelinePage.swift */; };
		D69D533C24533AAC005F618E /* SearchIndexBuilder.swift in Sources */ = {isa = PBXBuildFile; fileRef = D69D533B24533AAC005F618E /* SearchIndexBuilder.swift */; };
		D69D533E24535669005F618E /* LinkParser.swift in Sources */ = {isa = PBXBuildFile; fileRef = D69D533D24535669005F618E /* LinkParser.swift */; };
		D6A8CB7F24D9ED7500252182 /* ContactPage.swift in Sources */ = {isa = PBXBuildFile; fileRef = D6A8CB7E24D9ED7500252182 /* ContactPage.swift */; };
		D6A981A123B0AE1C007F3CBF /* StatisticPage.swift in Sources */ = {isa = PBXBuildFile; fileRef = D6A981A023B0AE1C007F3CBF /* StatisticPage.swift */; };
		D6A981A323B0AFE7007F3CBF /* SiteStatistics.swift in Sources */ = {isa = PBXBuildFile; fileRef = D6A981A223B0AFE7007F3CBF /* SiteStatistics.swift */; };
		D6A981A523B0B7A7007F3CBF /* StatisticData.swift in Sources */ = {isa = PBXBuildFile; fileRef = D6A981A423B0B7A7007F3CBF /* StatisticData.swift */; };
		D6ADD6542385DAF9005C0495 /* MarkdownNode.swift in Sources */ = {isa = PBXBuildFile; fileRef = D6ADD6532385DAF9005C0495 /* MarkdownNode.swift */; };
		D6B1D68723F1F1AA00BE317E /* SerialsPage.swift in Sources */ = {isa = PBXBuildFile; fileRef = D6B1D68623F1F1AA00BE317E /* SerialsPage.swift */; };
		D6C26E6D23C0AF1B0014634C /* IndexItemPage.swift in Sources */ = {isa = PBXBuildFile; fileRef = D6C26E6C23C0AF1B0014634C /* IndexItemPage.swift */; };
		D6CAB6FF2398488A00C4D2EF /* PageWriter.swift in Sources */ = {isa = PBXBuildFile; fileRef = D6CAB6FE2398488A00C4D2EF /* PageWriter.swift */; };
		D6CE5C6F27357B3F007DD925 /* StatisticPostItem.swift in Sources */ = {isa = PBXBuildFile; fileRef = D6CE5C6E27357B3F007DD925 /* StatisticPostItem.swift */; };
		D6D356D5238DBAC300A2F217 /* SmlPrinter.swift in Sources */ = {isa = PBXBuildFile; fileRef = D6D356D4238DBAC300A2F217 /* SmlPrinter.swift */; };
		D6D4901F26BD9E5E0001D9AB /* RegisterItem.swift in Sources */ = {isa = PBXBuildFile; fileRef = D6D4901E26BD9E5E0001D9AB /* RegisterItem.swift */; };
		D6D4902126BD9FF10001D9AB /* PostListItem.swift in Sources */ = {isa = PBXBuildFile; fileRef = D6D4902026BD9FF10001D9AB /* PostListItem.swift */; };
		D6D4902326BDA3B60001D9AB /* PersonsRegister.swift in Sources */ = {isa = PBXBuildFile; fileRef = D6D4902226BDA3B60001D9AB /* PersonsRegister.swift */; };
		D6D4902526BDA6AD0001D9AB /* PersonsRegisterPage.swift in Sources */ = {isa = PBXBuildFile; fileRef = D6D4902426BDA6AD0001D9AB /* PersonsRegisterPage.swift */; };
		D6D736CE2404777500FE2FD4 /* RssFeed.swift in Sources */ = {isa = PBXBuildFile; fileRef = D6D736CD2404777500FE2FD4 /* RssFeed.swift */; };
		D6E0279C264E0E840064DC6A /* BetaPage.swift in Sources */ = {isa = PBXBuildFile; fileRef = D6E0279B264E0E840064DC6A /* BetaPage.swift */; };
		D6E1929C23A77A82006A7A5C /* SiteGenerator.swift in Sources */ = {isa = PBXBuildFile; fileRef = D6E1929B23A77A82006A7A5C /* SiteGenerator.swift */; };
		D6E1929F23A77E4D006A7A5C /* PageVerifier.swift in Sources */ = {isa = PBXBuildFile; fileRef = D6E1929E23A77E4D006A7A5C /* PageVerifier.swift */; };
		D6E8D29E244B384C00605EEF /* SearchPage.swift in Sources */ = {isa = PBXBuildFile; fileRef = D6E8D29D244B384C00605EEF /* SearchPage.swift */; };
		D6E8D2A0244B38FA00605EEF /* SearchItems.swift in Sources */ = {isa = PBXBuildFile; fileRef = D6E8D29F244B38FA00605EEF /* SearchItems.swift */; };
		D6E8D2A2244B3A1500605EEF /* SearchItem.swift in Sources */ = {isa = PBXBuildFile; fileRef = D6E8D2A1244B3A1500605EEF /* SearchItem.swift */; };
		D6EC3FB02792140C00B0BD45 /* Register.swift in Sources */ = {isa = PBXBuildFile; fileRef = D6EC3FAF2792140C00B0BD45 /* Register.swift */; };
		D6EC3FB227921D0000B0BD45 /* MoviesRegister.swift in Sources */ = {isa = PBXBuildFile; fileRef = D6EC3FB127921D0000B0BD45 /* MoviesRegister.swift */; };
		D6EC3FB427921DFE00B0BD45 /* MoviesRegisterPage.swift in Sources */ = {isa = PBXBuildFile; fileRef = D6EC3FB327921DFE00B0BD45 /* MoviesRegisterPage.swift */; };
		D6F303A523AC30220012F659 /* UnitTest.swift in Sources */ = {isa = PBXBuildFile; fileRef = D6F303A423AC30220012F659 /* UnitTest.swift */; };
		D6F303AB23AC31170012F659 /* SmlBuilder.swift in Sources */ = {isa = PBXBuildFile; fileRef = D65D75BC23ABED9F00490D17 /* SmlBuilder.swift */; };
		D6F303AC23AC311E0012F659 /* MarkdownParser.swift in Sources */ = {isa = PBXBuildFile; fileRef = D6F92EC3238320D900FCAAC1 /* MarkdownParser.swift */; };
		D6F303AD23AC31250012F659 /* SmlNode.swift in Sources */ = {isa = PBXBuildFile; fileRef = D65545AF2389B37A00D18FD2 /* SmlNode.swift */; };
		D6F303AE23AC31410012F659 /* MarkdownNode.swift in Sources */ = {isa = PBXBuildFile; fileRef = D6ADD6532385DAF9005C0495 /* MarkdownNode.swift */; };
		D6F303AF23AC31AC0012F659 /* MarkdownTokenizer.swift in Sources */ = {isa = PBXBuildFile; fileRef = D63B71A22383261B00E989EE /* MarkdownTokenizer.swift */; };
		D6F303B023AC31B10012F659 /* SmlPrinter.swift in Sources */ = {isa = PBXBuildFile; fileRef = D6D356D4238DBAC300A2F217 /* SmlPrinter.swift */; };
		D6F4BF9123EE02FA005D9402 /* FormatBuilder.swift in Sources */ = {isa = PBXBuildFile; fileRef = D6F4BF9023EE02FA005D9402 /* FormatBuilder.swift */; };
		D6F6D49E2662226E00B98789 /* TimelineItem.swift in Sources */ = {isa = PBXBuildFile; fileRef = D6F6D49D2662226E00B98789 /* TimelineItem.swift */; };
		D6F6D4A0266225BB00B98789 /* Timeline.swift in Sources */ = {isa = PBXBuildFile; fileRef = D6F6D49F266225BB00B98789 /* Timeline.swift */; };
		D6F6FF7B238875BB0049F171 /* PostBuilder.swift in Sources */ = {isa = PBXBuildFile; fileRef = D6F6FF7A238875BB0049F171 /* PostBuilder.swift */; };
		D6F92EC4238320D900FCAAC1 /* MarkdownParser.swift in Sources */ = {isa = PBXBuildFile; fileRef = D6F92EC3238320D900FCAAC1 /* MarkdownParser.swift */; };
/* End PBXBuildFile section */

/* Begin PBXCopyFilesBuildPhase section */
		D6761207237F43960042F55D /* CopyFiles */ = {
			isa = PBXCopyFilesBuildPhase;
			buildActionMask = 2147483647;
			dstPath = /usr/share/man/man1/;
			dstSubfolderSpec = 0;
			files = (
			);
			runOnlyForDeploymentPostprocessing = 1;
		};
/* End PBXCopyFilesBuildPhase section */

/* Begin PBXFileReference section */
		D60667602396E2A100F7B79E /* PostPage.swift */ = {isa = PBXFileReference; lastKnownFileType = sourcecode.swift; path = PostPage.swift; sourceTree = "<group>"; };
		D60B488E23B160DC005E57EF /* CsvWriter.swift */ = {isa = PBXFileReference; lastKnownFileType = sourcecode.swift; path = CsvWriter.swift; sourceTree = "<group>"; };
		D6112D2523A8187300140519 /* PageLoader.swift */ = {isa = PBXFileReference; lastKnownFileType = sourcecode.swift; path = PageLoader.swift; sourceTree = "<group>"; };
		D63B510B23996704001E7E7B /* ArchiveMonth.swift */ = {isa = PBXFileReference; lastKnownFileType = sourcecode.swift; path = ArchiveMonth.swift; sourceTree = "<group>"; };
		D63B510D2399673E001E7E7B /* ArchiveYear.swift */ = {isa = PBXFileReference; lastKnownFileType = sourcecode.swift; path = ArchiveYear.swift; sourceTree = "<group>"; };
		D63B510F239997FA001E7E7B /* ArchivePage.swift */ = {isa = PBXFileReference; lastKnownFileType = sourcecode.swift; path = ArchivePage.swift; sourceTree = "<group>"; };
		D63B71A22383261B00E989EE /* MarkdownTokenizer.swift */ = {isa = PBXFileReference; lastKnownFileType = sourcecode.swift; path = MarkdownTokenizer.swift; sourceTree = "<group>"; };
		D63CB6FE240AFF4A00D1BA79 /* RssParser.swift */ = {isa = PBXFileReference; lastKnownFileType = sourcecode.swift; path = RssParser.swift; sourceTree = "<group>"; };
		D63DFA2D23B1EF8A00E9602F /* PostStatisticData.swift */ = {isa = PBXFileReference; lastKnownFileType = sourcecode.swift; path = PostStatisticData.swift; sourceTree = "<group>"; };
		D64A730526615D780088D8C6 /* YearParser.swift */ = {isa = PBXFileReference; lastKnownFileType = sourcecode.swift; path = YearParser.swift; sourceTree = "<group>"; };
		D650F34E23930CC000B2320E /* Page.swift */ = {isa = PBXFileReference; lastKnownFileType = sourcecode.swift; path = Page.swift; sourceTree = "<group>"; };
		D650F35023930EBB00B2320E /* HomePage.swift */ = {isa = PBXFileReference; lastKnownFileType = sourcecode.swift; path = HomePage.swift; sourceTree = "<group>"; };
		D65545AF2389B37A00D18FD2 /* SmlNode.swift */ = {isa = PBXFileReference; lastKnownFileType = sourcecode.swift; path = SmlNode.swift; sourceTree = "<group>"; };
		D6578DD9257120E00029C761 /* SiteGeneratorEnv.swift */ = {isa = PBXFileReference; lastKnownFileType = sourcecode.swift; path = SiteGeneratorEnv.swift; sourceTree = "<group>"; };
		D65AD6B9239D4BD800BFA862 /* ImpressumPage.swift */ = {isa = PBXFileReference; lastKnownFileType = sourcecode.swift; path = ImpressumPage.swift; sourceTree = "<group>"; };
		D65B17AF2598C42C0008F88E /* RandomEntriesBuilder.swift */ = {isa = PBXFileReference; lastKnownFileType = sourcecode.swift; path = RandomEntriesBuilder.swift; sourceTree = "<group>"; };
		D65D75BC23ABED9F00490D17 /* SmlBuilder.swift */ = {isa = PBXFileReference; lastKnownFileType = sourcecode.swift; path = SmlBuilder.swift; sourceTree = "<group>"; };
		D667BB1324070C6C00B8789F /* FeedWriter.swift */ = {isa = PBXFileReference; lastKnownFileType = sourcecode.swift; path = FeedWriter.swift; sourceTree = "<group>"; };
		D6761209237F43960042F55D /* SiteGenerator */ = {isa = PBXFileReference; explicitFileType = "compiled.mach-o.executable"; includeInIndex = 0; path = SiteGenerator; sourceTree = BUILT_PRODUCTS_DIR; };
		D676120C237F43960042F55D /* main.swift */ = {isa = PBXFileReference; lastKnownFileType = sourcecode.swift; path = main.swift; sourceTree = "<group>"; };
		D690C72323DA315C00975E72 /* FtpScriptWriter.swift */ = {isa = PBXFileReference; lastKnownFileType = sourcecode.swift; path = FtpScriptWriter.swift; sourceTree = "<group>"; };
		D69221C323818FEB0007E774 /* Item.swift */ = {isa = PBXFileReference; lastKnownFileType = sourcecode.swift; path = Item.swift; sourceTree = "<group>"; };
		D69221C5238196740007E774 /* ContentParser.swift */ = {isa = PBXFileReference; lastKnownFileType = sourcecode.swift; path = ContentParser.swift; sourceTree = "<group>"; };
		D699D530239A4A01006FE271 /* ArchiveMonthPage.swift */ = {isa = PBXFileReference; lastKnownFileType = sourcecode.swift; path = ArchiveMonthPage.swift; sourceTree = "<group>"; };
		D699D532239A8000006FE271 /* Index.swift */ = {isa = PBXFileReference; lastKnownFileType = sourcecode.swift; path = Index.swift; sourceTree = "<group>"; };
		D699D534239AA695006FE271 /* IndexPage.swift */ = {isa = PBXFileReference; lastKnownFileType = sourcecode.swift; path = IndexPage.swift; sourceTree = "<group>"; };
		D699D536239AACAF006FE271 /* IndexItem.swift */ = {isa = PBXFileReference; lastKnownFileType = sourcecode.swift; path = IndexItem.swift; sourceTree = "<group>"; };
		D699D538239AADCC006FE271 /* Archive.swift */ = {isa = PBXFileReference; lastKnownFileType = sourcecode.swift; path = Archive.swift; sourceTree = "<group>"; };
		D699D53A239AAFCD006FE271 /* Tags.swift */ = {isa = PBXFileReference; lastKnownFileType = sourcecode.swift; path = Tags.swift; sourceTree = "<group>"; };
		D699D53C239AB88D006FE271 /* TagsPage.swift */ = {isa = PBXFileReference; lastKnownFileType = sourcecode.swift; path = TagsPage.swift; sourceTree = "<group>"; };
		D699D53E239AE808006FE271 /* TagItemPage.swift */ = {isa = PBXFileReference; lastKnownFileType = sourcecode.swift; path = TagItemPage.swift; sourceTree = "<group>"; };
		D699D540239AEBAE006FE271 /* TagItem.swift */ = {isa = PBXFileReference; lastKnownFileType = sourcecode.swift; path = TagItem.swift; sourceTree = "<group>"; };
		D69AF70B26624C6B0010D67C /* TimelinePage.swift */ = {isa = PBXFileReference; lastKnownFileType = sourcecode.swift; path = TimelinePage.swift; sourceTree = "<group>"; };
		D69D533B24533AAC005F618E /* SearchIndexBuilder.swift */ = {isa = PBXFileReference; lastKnownFileType = sourcecode.swift; path = SearchIndexBuilder.swift; sourceTree = "<group>"; };
		D69D533D24535669005F618E /* LinkParser.swift */ = {isa = PBXFileReference; lastKnownFileType = sourcecode.swift; path = LinkParser.swift; sourceTree = "<group>"; };
		D6A8CB7E24D9ED7500252182 /* ContactPage.swift */ = {isa = PBXFileReference; lastKnownFileType = sourcecode.swift; path = ContactPage.swift; sourceTree = "<group>"; };
		D6A981A023B0AE1C007F3CBF /* StatisticPage.swift */ = {isa = PBXFileReference; lastKnownFileType = sourcecode.swift; path = StatisticPage.swift; sourceTree = "<group>"; };
		D6A981A223B0AFE7007F3CBF /* SiteStatistics.swift */ = {isa = PBXFileReference; lastKnownFileType = sourcecode.swift; path = SiteStatistics.swift; sourceTree = "<group>"; };
		D6A981A423B0B7A7007F3CBF /* StatisticData.swift */ = {isa = PBXFileReference; lastKnownFileType = sourcecode.swift; path = StatisticData.swift; sourceTree = "<group>"; };
		D6ADD6532385DAF9005C0495 /* MarkdownNode.swift */ = {isa = PBXFileReference; lastKnownFileType = sourcecode.swift; path = MarkdownNode.swift; sourceTree = "<group>"; };
		D6B1D68623F1F1AA00BE317E /* SerialsPage.swift */ = {isa = PBXFileReference; lastKnownFileType = sourcecode.swift; path = SerialsPage.swift; sourceTree = "<group>"; };
		D6C26E6C23C0AF1B0014634C /* IndexItemPage.swift */ = {isa = PBXFileReference; lastKnownFileType = sourcecode.swift; path = IndexItemPage.swift; sourceTree = "<group>"; };
		D6CAB6FE2398488A00C4D2EF /* PageWriter.swift */ = {isa = PBXFileReference; lastKnownFileType = sourcecode.swift; path = PageWriter.swift; sourceTree = "<group>"; };
		D6CE5C6E27357B3F007DD925 /* StatisticPostItem.swift */ = {isa = PBXFileReference; lastKnownFileType = sourcecode.swift; path = StatisticPostItem.swift; sourceTree = "<group>"; };
		D6D356D4238DBAC300A2F217 /* SmlPrinter.swift */ = {isa = PBXFileReference; lastKnownFileType = sourcecode.swift; path = SmlPrinter.swift; sourceTree = "<group>"; };
		D6D4901E26BD9E5E0001D9AB /* RegisterItem.swift */ = {isa = PBXFileReference; lastKnownFileType = sourcecode.swift; path = RegisterItem.swift; sourceTree = "<group>"; };
		D6D4902026BD9FF10001D9AB /* PostListItem.swift */ = {isa = PBXFileReference; lastKnownFileType = sourcecode.swift; path = PostListItem.swift; sourceTree = "<group>"; };
		D6D4902226BDA3B60001D9AB /* PersonsRegister.swift */ = {isa = PBXFileReference; lastKnownFileType = sourcecode.swift; path = PersonsRegister.swift; sourceTree = "<group>"; };
		D6D4902426BDA6AD0001D9AB /* PersonsRegisterPage.swift */ = {isa = PBXFileReference; lastKnownFileType = sourcecode.swift; path = PersonsRegisterPage.swift; sourceTree = "<group>"; };
		D6D736CD2404777500FE2FD4 /* RssFeed.swift */ = {isa = PBXFileReference; lastKnownFileType = sourcecode.swift; path = RssFeed.swift; sourceTree = "<group>"; };
		D6E0279B264E0E840064DC6A /* BetaPage.swift */ = {isa = PBXFileReference; lastKnownFileType = sourcecode.swift; path = BetaPage.swift; sourceTree = "<group>"; };
		D6E1929B23A77A82006A7A5C /* SiteGenerator.swift */ = {isa = PBXFileReference; lastKnownFileType = sourcecode.swift; path = SiteGenerator.swift; sourceTree = "<group>"; };
		D6E1929E23A77E4D006A7A5C /* PageVerifier.swift */ = {isa = PBXFileReference; lastKnownFileType = sourcecode.swift; path = PageVerifier.swift; sourceTree = "<group>"; };
		D6E8D29D244B384C00605EEF /* SearchPage.swift */ = {isa = PBXFileReference; lastKnownFileType = sourcecode.swift; path = SearchPage.swift; sourceTree = "<group>"; };
		D6E8D29F244B38FA00605EEF /* SearchItems.swift */ = {isa = PBXFileReference; lastKnownFileType = sourcecode.swift; path = SearchItems.swift; sourceTree = "<group>"; };
		D6E8D2A1244B3A1500605EEF /* SearchItem.swift */ = {isa = PBXFileReference; lastKnownFileType = sourcecode.swift; path = SearchItem.swift; sourceTree = "<group>"; };
		D6EC3FAF2792140C00B0BD45 /* Register.swift */ = {isa = PBXFileReference; lastKnownFileType = sourcecode.swift; path = Register.swift; sourceTree = "<group>"; };
		D6EC3FB127921D0000B0BD45 /* MoviesRegister.swift */ = {isa = PBXFileReference; lastKnownFileType = sourcecode.swift; path = MoviesRegister.swift; sourceTree = "<group>"; };
		D6EC3FB327921DFE00B0BD45 /* MoviesRegisterPage.swift */ = {isa = PBXFileReference; lastKnownFileType = sourcecode.swift; path = MoviesRegisterPage.swift; sourceTree = "<group>"; };
		D6F303A223AC30220012F659 /* UnitTest.xctest */ = {isa = PBXFileReference; explicitFileType = wrapper.cfbundle; includeInIndex = 0; path = UnitTest.xctest; sourceTree = BUILT_PRODUCTS_DIR; };
		D6F303A423AC30220012F659 /* UnitTest.swift */ = {isa = PBXFileReference; lastKnownFileType = sourcecode.swift; path = UnitTest.swift; sourceTree = "<group>"; };
		D6F303A623AC30220012F659 /* Info.plist */ = {isa = PBXFileReference; lastKnownFileType = text.plist.xml; path = Info.plist; sourceTree = "<group>"; };
		D6F4BF9023EE02FA005D9402 /* FormatBuilder.swift */ = {isa = PBXFileReference; lastKnownFileType = sourcecode.swift; path = FormatBuilder.swift; sourceTree = "<group>"; };
		D6F6D49D2662226E00B98789 /* TimelineItem.swift */ = {isa = PBXFileReference; lastKnownFileType = sourcecode.swift; path = TimelineItem.swift; sourceTree = "<group>"; };
		D6F6D49F266225BB00B98789 /* Timeline.swift */ = {isa = PBXFileReference; lastKnownFileType = sourcecode.swift; path = Timeline.swift; sourceTree = "<group>"; };
		D6F6FF7A238875BB0049F171 /* PostBuilder.swift */ = {isa = PBXFileReference; lastKnownFileType = sourcecode.swift; path = PostBuilder.swift; sourceTree = "<group>"; };
		D6F92EC3238320D900FCAAC1 /* MarkdownParser.swift */ = {isa = PBXFileReference; lastKnownFileType = sourcecode.swift; path = MarkdownParser.swift; sourceTree = "<group>"; };
/* End PBXFileReference section */

/* Begin PBXFrameworksBuildPhase section */
		D6761206237F43960042F55D /* Frameworks */ = {
			isa = PBXFrameworksBuildPhase;
			buildActionMask = 2147483647;
			files = (
			);
			runOnlyForDeploymentPostprocessing = 0;
		};
		D6F3039F23AC30220012F659 /* Frameworks */ = {
			isa = PBXFrameworksBuildPhase;
			buildActionMask = 2147483647;
			files = (
			);
			runOnlyForDeploymentPostprocessing = 0;
		};
/* End PBXFrameworksBuildPhase section */

/* Begin PBXGroup section */
		D6761200237F43960042F55D = {
			isa = PBXGroup;
			children = (
				D676120A237F43960042F55D /* Products */,
				D676120B237F43960042F55D /* SiteGenerator */,
				D6A9819F23B0AAC5007F3CBF /* Statistics */,
				D6F303A323AC30220012F659 /* UnitTest */,
				D6E1929D23A77D58006A7A5C /* Verifier */,
			);
			sourceTree = "<group>";
		};
		D676120A237F43960042F55D /* Products */ = {
			isa = PBXGroup;
			children = (
				D6761209237F43960042F55D /* SiteGenerator */,
				D6F303A223AC30220012F659 /* UnitTest.xctest */,
			);
			name = Products;
			sourceTree = "<group>";
		};
		D676120B237F43960042F55D /* SiteGenerator */ = {
			isa = PBXGroup;
			children = (
				D699D538239AADCC006FE271 /* Archive.swift */,
				D63B510B23996704001E7E7B /* ArchiveMonth.swift */,
				D699D530239A4A01006FE271 /* ArchiveMonthPage.swift */,
				D63B510F239997FA001E7E7B /* ArchivePage.swift */,
				D63B510D2399673E001E7E7B /* ArchiveYear.swift */,
				D6E0279B264E0E840064DC6A /* BetaPage.swift */,
				D6A8CB7E24D9ED7500252182 /* ContactPage.swift */,
				D69221C5238196740007E774 /* ContentParser.swift */,
				D667BB1324070C6C00B8789F /* FeedWriter.swift */,
				D6F4BF9023EE02FA005D9402 /* FormatBuilder.swift */,
				D690C72323DA315C00975E72 /* FtpScriptWriter.swift */,
				D650F35023930EBB00B2320E /* HomePage.swift */,
				D65AD6B9239D4BD800BFA862 /* ImpressumPage.swift */,
				D699D532239A8000006FE271 /* Index.swift */,
				D699D536239AACAF006FE271 /* IndexItem.swift */,
				D6C26E6C23C0AF1B0014634C /* IndexItemPage.swift */,
				D699D534239AA695006FE271 /* IndexPage.swift */,
				D69221C323818FEB0007E774 /* Item.swift */,
				D69D533D24535669005F618E /* LinkParser.swift */,
				D676120C237F43960042F55D /* main.swift */,
				D6ADD6532385DAF9005C0495 /* MarkdownNode.swift */,
				D6F92EC3238320D900FCAAC1 /* MarkdownParser.swift */,
				D63B71A22383261B00E989EE /* MarkdownTokenizer.swift */,
				D6EC3FB127921D0000B0BD45 /* MoviesRegister.swift */,
				D6EC3FB327921DFE00B0BD45 /* MoviesRegisterPage.swift */,
				D650F34E23930CC000B2320E /* Page.swift */,
				D6CAB6FE2398488A00C4D2EF /* PageWriter.swift */,
				D6D4902226BDA3B60001D9AB /* PersonsRegister.swift */,
				D6D4902426BDA6AD0001D9AB /* PersonsRegisterPage.swift */,
				D6F6FF7A238875BB0049F171 /* PostBuilder.swift */,
				D6D4902026BD9FF10001D9AB /* PostListItem.swift */,
				D60667602396E2A100F7B79E /* PostPage.swift */,
				D65B17AF2598C42C0008F88E /* RandomEntriesBuilder.swift */,
				D6EC3FAF2792140C00B0BD45 /* Register.swift */,
				D6D4901E26BD9E5E0001D9AB /* RegisterItem.swift */,
				D6D736CD2404777500FE2FD4 /* RssFeed.swift */,
				D63CB6FE240AFF4A00D1BA79 /* RssParser.swift */,
				D69D533B24533AAC005F618E /* SearchIndexBuilder.swift */,
				D6E8D2A1244B3A1500605EEF /* SearchItem.swift */,
				D6E8D29F244B38FA00605EEF /* SearchItems.swift */,
				D6E8D29D244B384C00605EEF /* SearchPage.swift */,
				D6B1D68623F1F1AA00BE317E /* SerialsPage.swift */,
				D6E1929B23A77A82006A7A5C /* SiteGenerator.swift */,
				D6578DD9257120E00029C761 /* SiteGeneratorEnv.swift */,
				D65D75BC23ABED9F00490D17 /* SmlBuilder.swift */,
				D65545AF2389B37A00D18FD2 /* SmlNode.swift */,
				D6D356D4238DBAC300A2F217 /* SmlPrinter.swift */,
				D699D540239AEBAE006FE271 /* TagItem.swift */,
				D699D53E239AE808006FE271 /* TagItemPage.swift */,
				D699D53A239AAFCD006FE271 /* Tags.swift */,
				D699D53C239AB88D006FE271 /* TagsPage.swift */,
				D6F6D49F266225BB00B98789 /* Timeline.swift */,
				D6F6D49D2662226E00B98789 /* TimelineItem.swift */,
				D69AF70B26624C6B0010D67C /* TimelinePage.swift */,
				D64A730526615D780088D8C6 /* YearParser.swift */,
			);
			path = SiteGenerator;
			sourceTree = "<group>";
		};
		D6A9819F23B0AAC5007F3CBF /* Statistics */ = {
			isa = PBXGroup;
			children = (
				D60B488E23B160DC005E57EF /* CsvWriter.swift */,
				D6A981A223B0AFE7007F3CBF /* SiteStatistics.swift */,
				D6A981A423B0B7A7007F3CBF /* StatisticData.swift */,
				D6A981A023B0AE1C007F3CBF /* StatisticPage.swift */,
				D63DFA2D23B1EF8A00E9602F /* PostStatisticData.swift */,
				D6CE5C6E27357B3F007DD925 /* StatisticPostItem.swift */,
			);
			path = Statistics;
			sourceTree = "<group>";
		};
		D6E1929D23A77D58006A7A5C /* Verifier */ = {
			isa = PBXGroup;
			children = (
				D6112D2523A8187300140519 /* PageLoader.swift */,
				D6E1929E23A77E4D006A7A5C /* PageVerifier.swift */,
			);
			path = Verifier;
			sourceTree = "<group>";
		};
		D6F303A323AC30220012F659 /* UnitTest */ = {
			isa = PBXGroup;
			children = (
				D6F303A623AC30220012F659 /* Info.plist */,
				D6F303A423AC30220012F659 /* UnitTest.swift */,
			);
			path = UnitTest;
			sourceTree = "<group>";
		};
/* End PBXGroup section */

/* Begin PBXNativeTarget section */
		D6761208237F43960042F55D /* SiteGenerator */ = {
			isa = PBXNativeTarget;
			buildConfigurationList = D6761210237F43960042F55D /* Build configuration list for PBXNativeTarget "SiteGenerator" */;
			buildPhases = (
				D6761205237F43960042F55D /* Sources */,
				D6761206237F43960042F55D /* Frameworks */,
				D6761207237F43960042F55D /* CopyFiles */,
			);
			buildRules = (
			);
			dependencies = (
			);
			name = SiteGenerator;
			productName = SiteGenerator;
			productReference = D6761209237F43960042F55D /* SiteGenerator */;
			productType = "com.apple.product-type.tool";
		};
		D6F303A123AC30220012F659 /* UnitTest */ = {
			isa = PBXNativeTarget;
			buildConfigurationList = D6F303A723AC30220012F659 /* Build configuration list for PBXNativeTarget "UnitTest" */;
			buildPhases = (
				D6F3039E23AC30220012F659 /* Sources */,
				D6F3039F23AC30220012F659 /* Frameworks */,
				D6F303A023AC30220012F659 /* Resources */,
			);
			buildRules = (
			);
			dependencies = (
			);
			name = UnitTest;
			productName = UnitTest;
			productReference = D6F303A223AC30220012F659 /* UnitTest.xctest */;
			productType = "com.apple.product-type.bundle.unit-test";
		};
/* End PBXNativeTarget section */

/* Begin PBXProject section */
		D6761201237F43960042F55D /* Project object */ = {
			isa = PBXProject;
			attributes = {
				LastSwiftUpdateCheck = 1010;
				LastUpgradeCheck = 1220;
				ORGANIZATIONNAME = Christian;
				TargetAttributes = {
					D6761208237F43960042F55D = {
						CreatedOnToolsVersion = 10.1;
						LastSwiftMigration = 1220;
						ProvisioningStyle = Manual;
					};
					D6F303A123AC30220012F659 = {
						CreatedOnToolsVersion = 10.1;
						LastSwiftMigration = 1220;
					};
				};
			};
			buildConfigurationList = D6761204237F43960042F55D /* Build configuration list for PBXProject "SiteGenerator" */;
			compatibilityVersion = "Xcode 10.0";
			developmentRegion = en;
			hasScannedForEncodings = 0;
			knownRegions = (
				en,
				Base,
			);
			mainGroup = D6761200237F43960042F55D;
			productRefGroup = D676120A237F43960042F55D /* Products */;
			projectDirPath = "";
			projectRoot = "";
			targets = (
				D6761208237F43960042F55D /* SiteGenerator */,
				D6F303A123AC30220012F659 /* UnitTest */,
			);
		};
/* End PBXProject section */

/* Begin PBXResourcesBuildPhase section */
		D6F303A023AC30220012F659 /* Resources */ = {
			isa = PBXResourcesBuildPhase;
			buildActionMask = 2147483647;
			files = (
			);
			runOnlyForDeploymentPostprocessing = 0;
		};
/* End PBXResourcesBuildPhase section */

/* Begin PBXSourcesBuildPhase section */
		D6761205237F43960042F55D /* Sources */ = {
			isa = PBXSourcesBuildPhase;
			buildActionMask = 2147483647;
			files = (
				D69221C423818FEB0007E774 /* Item.swift in Sources */,
				D63B510C23996704001E7E7B /* ArchiveMonth.swift in Sources */,
				D699D53B239AAFCD006FE271 /* Tags.swift in Sources */,
				D650F35123930EBB00B2320E /* HomePage.swift in Sources */,
				D6E8D2A0244B38FA00605EEF /* SearchItems.swift in Sources */,
				D699D535239AA695006FE271 /* IndexPage.swift in Sources */,
				D63DFA2E23B1EF8A00E9602F /* PostStatisticData.swift in Sources */,
				D60B488F23B160DC005E57EF /* CsvWriter.swift in Sources */,
				D69221C6238196740007E774 /* ContentParser.swift in Sources */,
				D6E8D29E244B384C00605EEF /* SearchPage.swift in Sources */,
				D6D4901F26BD9E5E0001D9AB /* RegisterItem.swift in Sources */,
				D6EC3FB427921DFE00B0BD45 /* MoviesRegisterPage.swift in Sources */,
				D65545B02389B37A00D18FD2 /* SmlNode.swift in Sources */,
				D6E1929C23A77A82006A7A5C /* SiteGenerator.swift in Sources */,
				D6C26E6D23C0AF1B0014634C /* IndexItemPage.swift in Sources */,
				D690C72423DA315C00975E72 /* FtpScriptWriter.swift in Sources */,
				D676120D237F43960042F55D /* main.swift in Sources */,
				D6CAB6FF2398488A00C4D2EF /* PageWriter.swift in Sources */,
				D69D533C24533AAC005F618E /* SearchIndexBuilder.swift in Sources */,
				D6F6D49E2662226E00B98789 /* TimelineItem.swift in Sources */,
				D650F34F23930CC000B2320E /* Page.swift in Sources */,
				D699D53D239AB88D006FE271 /* TagsPage.swift in Sources */,
				D6F4BF9123EE02FA005D9402 /* FormatBuilder.swift in Sources */,
				D6A981A123B0AE1C007F3CBF /* StatisticPage.swift in Sources */,
				D69AF70C26624C6B0010D67C /* TimelinePage.swift in Sources */,
				D6A8CB7F24D9ED7500252182 /* ContactPage.swift in Sources */,
				D6F6D4A0266225BB00B98789 /* Timeline.swift in Sources */,
				D65D75BD23ABED9F00490D17 /* SmlBuilder.swift in Sources */,
				D699D539239AADCC006FE271 /* Archive.swift in Sources */,
				D6A981A323B0AFE7007F3CBF /* SiteStatistics.swift in Sources */,
				D6F92EC4238320D900FCAAC1 /* MarkdownParser.swift in Sources */,
				D6E1929F23A77E4D006A7A5C /* PageVerifier.swift in Sources */,
				D65B17B02598C42C0008F88E /* RandomEntriesBuilder.swift in Sources */,
				D6A981A523B0B7A7007F3CBF /* StatisticData.swift in Sources */,
				D667BB1424070C6C00B8789F /* FeedWriter.swift in Sources */,
				D6D356D5238DBAC300A2F217 /* SmlPrinter.swift in Sources */,
				D6EC3FB02792140C00B0BD45 /* Register.swift in Sources */,
				D699D537239AACAF006FE271 /* IndexItem.swift in Sources */,
				D69D533E24535669005F618E /* LinkParser.swift in Sources */,
				D64A730626615D780088D8C6 /* YearParser.swift in Sources */,
				D6B1D68723F1F1AA00BE317E /* SerialsPage.swift in Sources */,
				D6D4902326BDA3B60001D9AB /* PersonsRegister.swift in Sources */,
				D60667612396E2A100F7B79E /* PostPage.swift in Sources */,
				D6112D2623A8187300140519 /* PageLoader.swift in Sources */,
				D65AD6BA239D4BD800BFA862 /* ImpressumPage.swift in Sources */,
				D6E0279C264E0E840064DC6A /* BetaPage.swift in Sources */,
				D6D4902526BDA6AD0001D9AB /* PersonsRegisterPage.swift in Sources */,
				D699D531239A4A01006FE271 /* ArchiveMonthPage.swift in Sources */,
				D6F6FF7B238875BB0049F171 /* PostBuilder.swift in Sources */,
				D6ADD6542385DAF9005C0495 /* MarkdownNode.swift in Sources */,
				D63B71A32383261B00E989EE /* MarkdownTokenizer.swift in Sources */,
				D6D4902126BD9FF10001D9AB /* PostListItem.swift in Sources */,
				D699D53F239AE808006FE271 /* TagItemPage.swift in Sources */,
				D699D533239A8000006FE271 /* Index.swift in Sources */,
				D6EC3FB227921D0000B0BD45 /* MoviesRegister.swift in Sources */,
				D6578DDA257120E00029C761 /* SiteGeneratorEnv.swift in Sources */,
				D6E8D2A2244B3A1500605EEF /* SearchItem.swift in Sources */,
				D6D736CE2404777500FE2FD4 /* RssFeed.swift in Sources */,
				D6CE5C6F27357B3F007DD925 /* StatisticPostItem.swift in Sources */,
				D63B510E2399673E001E7E7B /* ArchiveYear.swift in Sources */,
				D699D541239AEBAE006FE271 /* TagItem.swift in Sources */,
				D63B5110239997FA001E7E7B /* ArchivePage.swift in Sources */,
				D63CB6FF240AFF4A00D1BA79 /* RssParser.swift in Sources */,
			);
			runOnlyForDeploymentPostprocessing = 0;
		};
		D6F3039E23AC30220012F659 /* Sources */ = {
			isa = PBXSourcesBuildPhase;
			buildActionMask = 2147483647;
			files = (
				D6F303B023AC31B10012F659 /* SmlPrinter.swift in Sources */,
				D6F303AB23AC31170012F659 /* SmlBuilder.swift in Sources */,
				D63C253123EB5AF700545A18 /* Page.swift in Sources */,
				D6F303A523AC30220012F659 /* UnitTest.swift in Sources */,
				D6F303AF23AC31AC0012F659 /* MarkdownTokenizer.swift in Sources */,
				D6F303AE23AC31410012F659 /* MarkdownNode.swift in Sources */,
				D6F303AD23AC31250012F659 /* SmlNode.swift in Sources */,
				D6578DDB257120E00029C761 /* SiteGeneratorEnv.swift in Sources */,
				D6F303AC23AC311E0012F659 /* MarkdownParser.swift in Sources */,
			);
			runOnlyForDeploymentPostprocessing = 0;
		};
/* End PBXSourcesBuildPhase section */

/* Begin XCBuildConfiguration section */
		D676120E237F43960042F55D /* Debug */ = {
			isa = XCBuildConfiguration;
			buildSettings = {
				ALWAYS_SEARCH_USER_PATHS = NO;
				CLANG_ANALYZER_NONNULL = YES;
				CLANG_ANALYZER_NUMBER_OBJECT_CONVERSION = YES_AGGRESSIVE;
				CLANG_CXX_LANGUAGE_STANDARD = "gnu++14";
				CLANG_CXX_LIBRARY = "libc++";
				CLANG_ENABLE_MODULES = YES;
				CLANG_ENABLE_OBJC_ARC = YES;
				CLANG_ENABLE_OBJC_WEAK = YES;
				CLANG_WARN_BLOCK_CAPTURE_AUTORELEASING = YES;
				CLANG_WARN_BOOL_CONVERSION = YES;
				CLANG_WARN_COMMA = YES;
				CLANG_WARN_CONSTANT_CONVERSION = YES;
				CLANG_WARN_DEPRECATED_OBJC_IMPLEMENTATIONS = YES;
				CLANG_WARN_DIRECT_OBJC_ISA_USAGE = YES_ERROR;
				CLANG_WARN_DOCUMENTATION_COMMENTS = YES;
				CLANG_WARN_EMPTY_BODY = YES;
				CLANG_WARN_ENUM_CONVERSION = YES;
				CLANG_WARN_INFINITE_RECURSION = YES;
				CLANG_WARN_INT_CONVERSION = YES;
				CLANG_WARN_NON_LITERAL_NULL_CONVERSION = YES;
				CLANG_WARN_OBJC_IMPLICIT_RETAIN_SELF = YES;
				CLANG_WARN_OBJC_LITERAL_CONVERSION = YES;
				CLANG_WARN_OBJC_ROOT_CLASS = YES_ERROR;
				CLANG_WARN_QUOTED_INCLUDE_IN_FRAMEWORK_HEADER = YES;
				CLANG_WARN_RANGE_LOOP_ANALYSIS = YES;
				CLANG_WARN_STRICT_PROTOTYPES = YES;
				CLANG_WARN_SUSPICIOUS_MOVE = YES;
				CLANG_WARN_UNGUARDED_AVAILABILITY = YES_AGGRESSIVE;
				CLANG_WARN_UNREACHABLE_CODE = YES;
				CLANG_WARN__DUPLICATE_METHOD_MATCH = YES;
				CODE_SIGN_IDENTITY = "Mac Developer";
				COPY_PHASE_STRIP = NO;
				DEBUG_INFORMATION_FORMAT = dwarf;
				ENABLE_STRICT_OBJC_MSGSEND = YES;
				ENABLE_TESTABILITY = YES;
				GCC_C_LANGUAGE_STANDARD = gnu11;
				GCC_DYNAMIC_NO_PIC = NO;
				GCC_NO_COMMON_BLOCKS = YES;
				GCC_OPTIMIZATION_LEVEL = 0;
				GCC_PREPROCESSOR_DEFINITIONS = (
					"DEBUG=1",
					"$(inherited)",
				);
				GCC_WARN_64_TO_32_BIT_CONVERSION = YES;
				GCC_WARN_ABOUT_RETURN_TYPE = YES_ERROR;
				GCC_WARN_UNDECLARED_SELECTOR = YES;
				GCC_WARN_UNINITIALIZED_AUTOS = YES_AGGRESSIVE;
				GCC_WARN_UNUSED_FUNCTION = YES;
				GCC_WARN_UNUSED_VARIABLE = YES;
				MACOSX_DEPLOYMENT_TARGET = 10.13;
				MTL_ENABLE_DEBUG_INFO = INCLUDE_SOURCE;
				MTL_FAST_MATH = YES;
				ONLY_ACTIVE_ARCH = YES;
				SDKROOT = macosx;
				SWIFT_ACTIVE_COMPILATION_CONDITIONS = DEBUG;
				SWIFT_OPTIMIZATION_LEVEL = "-Onone";
			};
			name = Debug;
		};
		D676120F237F43960042F55D /* Release */ = {
			isa = XCBuildConfiguration;
			buildSettings = {
				ALWAYS_SEARCH_USER_PATHS = NO;
				CLANG_ANALYZER_NONNULL = YES;
				CLANG_ANALYZER_NUMBER_OBJECT_CONVERSION = YES_AGGRESSIVE;
				CLANG_CXX_LANGUAGE_STANDARD = "gnu++14";
				CLANG_CXX_LIBRARY = "libc++";
				CLANG_ENABLE_MODULES = YES;
				CLANG_ENABLE_OBJC_ARC = YES;
				CLANG_ENABLE_OBJC_WEAK = YES;
				CLANG_WARN_BLOCK_CAPTURE_AUTORELEASING = YES;
				CLANG_WARN_BOOL_CONVERSION = YES;
				CLANG_WARN_COMMA = YES;
				CLANG_WARN_CONSTANT_CONVERSION = YES;
				CLANG_WARN_DEPRECATED_OBJC_IMPLEMENTATIONS = YES;
				CLANG_WARN_DIRECT_OBJC_ISA_USAGE = YES_ERROR;
				CLANG_WARN_DOCUMENTATION_COMMENTS = YES;
				CLANG_WARN_EMPTY_BODY = YES;
				CLANG_WARN_ENUM_CONVERSION = YES;
				CLANG_WARN_INFINITE_RECURSION = YES;
				CLANG_WARN_INT_CONVERSION = YES;
				CLANG_WARN_NON_LITERAL_NULL_CONVERSION = YES;
				CLANG_WARN_OBJC_IMPLICIT_RETAIN_SELF = YES;
				CLANG_WARN_OBJC_LITERAL_CONVERSION = YES;
				CLANG_WARN_OBJC_ROOT_CLASS = YES_ERROR;
				CLANG_WARN_QUOTED_INCLUDE_IN_FRAMEWORK_HEADER = YES;
				CLANG_WARN_RANGE_LOOP_ANALYSIS = YES;
				CLANG_WARN_STRICT_PROTOTYPES = YES;
				CLANG_WARN_SUSPICIOUS_MOVE = YES;
				CLANG_WARN_UNGUARDED_AVAILABILITY = YES_AGGRESSIVE;
				CLANG_WARN_UNREACHABLE_CODE = YES;
				CLANG_WARN__DUPLICATE_METHOD_MATCH = YES;
				CODE_SIGN_IDENTITY = "Mac Developer";
				COPY_PHASE_STRIP = NO;
				DEBUG_INFORMATION_FORMAT = "dwarf-with-dsym";
				ENABLE_NS_ASSERTIONS = NO;
				ENABLE_STRICT_OBJC_MSGSEND = YES;
				GCC_C_LANGUAGE_STANDARD = gnu11;
				GCC_NO_COMMON_BLOCKS = YES;
				GCC_WARN_64_TO_32_BIT_CONVERSION = YES;
				GCC_WARN_ABOUT_RETURN_TYPE = YES_ERROR;
				GCC_WARN_UNDECLARED_SELECTOR = YES;
				GCC_WARN_UNINITIALIZED_AUTOS = YES_AGGRESSIVE;
				GCC_WARN_UNUSED_FUNCTION = YES;
				GCC_WARN_UNUSED_VARIABLE = YES;
				MACOSX_DEPLOYMENT_TARGET = 10.13;
				MTL_ENABLE_DEBUG_INFO = NO;
				MTL_FAST_MATH = YES;
				SDKROOT = macosx;
				SWIFT_COMPILATION_MODE = wholemodule;
				SWIFT_OPTIMIZATION_LEVEL = "-O";
			};
			name = Release;
		};
		D6761211237F43960042F55D /* Debug */ = {
			isa = XCBuildConfiguration;
			buildSettings = {
				CODE_SIGN_IDENTITY = "-";
				CODE_SIGN_INJECT_BASE_ENTITLEMENTS = NO;
				CODE_SIGN_STYLE = Manual;
				DEVELOPMENT_TEAM = "";
				MACOSX_DEPLOYMENT_TARGET = 10.13;
				PRODUCT_NAME = "$(TARGET_NAME)";
				PROVISIONING_PROFILE_SPECIFIER = "";
				SWIFT_VERSION = 5.0;
			};
			name = Debug;
		};
		D6761212237F43960042F55D /* Release */ = {
			isa = XCBuildConfiguration;
			buildSettings = {
				CODE_SIGN_IDENTITY = "-";
				CODE_SIGN_INJECT_BASE_ENTITLEMENTS = NO;
				CODE_SIGN_STYLE = Manual;
				DEVELOPMENT_TEAM = "";
				MACOSX_DEPLOYMENT_TARGET = 10.13;
				PRODUCT_NAME = "$(TARGET_NAME)";
				PROVISIONING_PROFILE_SPECIFIER = "";
				SWIFT_VERSION = 5.0;
			};
			name = Release;
		};
		D6F303A823AC30220012F659 /* Debug */ = {
			isa = XCBuildConfiguration;
			buildSettings = {
				CODE_SIGN_IDENTITY = "";
				CODE_SIGN_INJECT_BASE_ENTITLEMENTS = NO;
				CODE_SIGN_STYLE = Manual;
				COMBINE_HIDPI_IMAGES = YES;
				DEVELOPMENT_TEAM = "";
				INFOPLIST_FILE = UnitTest/Info.plist;
				LD_RUNPATH_SEARCH_PATHS = (
					"$(inherited)",
					"@executable_path/../Frameworks",
					"@loader_path/../Frameworks",
				);
				PRODUCT_BUNDLE_IDENTIFIER = com.noll.UnitTest;
				PRODUCT_NAME = "$(TARGET_NAME)";
				PROVISIONING_PROFILE_SPECIFIER = "";
				SWIFT_VERSION = 5.0;
			};
			name = Debug;
		};
		D6F303A923AC30220012F659 /* Release */ = {
			isa = XCBuildConfiguration;
			buildSettings = {
				CODE_SIGN_IDENTITY = "";
				CODE_SIGN_INJECT_BASE_ENTITLEMENTS = NO;
				CODE_SIGN_STYLE = Manual;
				COMBINE_HIDPI_IMAGES = YES;
				DEVELOPMENT_TEAM = "";
				INFOPLIST_FILE = UnitTest/Info.plist;
				LD_RUNPATH_SEARCH_PATHS = (
					"$(inherited)",
					"@executable_path/../Frameworks",
					"@loader_path/../Frameworks",
				);
				PRODUCT_BUNDLE_IDENTIFIER = com.noll.UnitTest;
				PRODUCT_NAME = "$(TARGET_NAME)";
				PROVISIONING_PROFILE_SPECIFIER = "";
				SWIFT_VERSION = 5.0;
			};
			name = Release;
		};
/* End XCBuildConfiguration section */

/* Begin XCConfigurationList section */
		D6761204237F43960042F55D /* Build configuration list for PBXProject "SiteGenerator" */ = {
			isa = XCConfigurationList;
			buildConfigurations = (
				D676120E237F43960042F55D /* Debug */,
				D676120F237F43960042F55D /* Release */,
			);
			defaultConfigurationIsVisible = 0;
			defaultConfigurationName = Release;
		};
		D6761210237F43960042F55D /* Build configuration list for PBXNativeTarget "SiteGenerator" */ = {
			isa = XCConfigurationList;
			buildConfigurations = (
				D6761211237F43960042F55D /* Debug */,
				D6761212237F43960042F55D /* Release */,
			);
			defaultConfigurationIsVisible = 0;
			defaultConfigurationName = Release;
		};
		D6F303A723AC30220012F659 /* Build configuration list for PBXNativeTarget "UnitTest" */ = {
			isa = XCConfigurationList;
			buildConfigurations = (
				D6F303A823AC30220012F659 /* Debug */,
				D6F303A923AC30220012F659 /* Release */,
			);
			defaultConfigurationIsVisible = 0;
			defaultConfigurationName = Release;
		};
/* End XCConfigurationList section */
	};
	rootObject = D6761201237F43960042F55D /* Project object */;
}
